<?xml version="1.0" encoding="utf-8"?>
<Project ToolsVersion="4.0" xmlns="http://schemas.microsoft.com/developer/msbuild/2003">
  <ItemGroup>
    <Filter Include="Source">
      <UniqueIdentifier>{f6bc3d37-a87a-4274-8cad-222020811043}</UniqueIdentifier>
    </Filter>
    <Filter Include="Source\Engine">
      <UniqueIdentifier>{e4023112-b0d9-4532-81c0-9400f5dc45c1}</UniqueIdentifier>
    </Filter>
    <Filter Include="Source\Scene">
      <UniqueIdentifier>{ee5ef9f2-f507-4445-b2de-62a00c6a58b7}</UniqueIdentifier>
    </Filter>
    <Filter Include="Source\Engine\Shader">
      <UniqueIdentifier>{ec60fe71-6091-444d-8cfe-98980ba475cb}</UniqueIdentifier>
    </Filter>
    <Filter Include="Source\Engine\Object">
      <UniqueIdentifier>{33b264cf-0a53-48b1-a550-609f91051790}</UniqueIdentifier>
    </Filter>
    <Filter Include="Source\Engine\System">
      <UniqueIdentifier>{c1b65361-dfbd-4f43-abe3-65b3862a3a34}</UniqueIdentifier>
    </Filter>
    <Filter Include="Source\Scene\Test">
      <UniqueIdentifier>{cdb34fb4-5a93-4870-af48-80c16f7784f2}</UniqueIdentifier>
    </Filter>
  </ItemGroup>
  <ItemGroup>
    <ClCompile Include="WinMain.cpp">
      <Filter>Source</Filter>
    </ClCompile>
    <ClCompile Include="Engine\Camera.cpp">
      <Filter>Source\Engine\System</Filter>
    </ClCompile>
    <ClCompile Include="Engine\Debug.cpp">
      <Filter>Source\Engine\System</Filter>
    </ClCompile>
    <ClCompile Include="Engine\Fbx.cpp">
      <Filter>Source\Engine\Object</Filter>
    </ClCompile>
    <ClCompile Include="Engine\GameObject.cpp">
      <Filter>Source\Engine\System</Filter>
    </ClCompile>
    <ClCompile Include="Engine\Input.cpp">
      <Filter>Source\Engine\System</Filter>
    </ClCompile>
    <ClCompile Include="Engine\Texture.cpp">
      <Filter>Source\Engine\Object</Filter>
    </ClCompile>
    <ClCompile Include="Engine\Sprite.cpp">
      <Filter>Source\Engine\Object</Filter>
    </ClCompile>
    <ClCompile Include="Engine\Quad.cpp">
      <Filter>Source\Engine\Object</Filter>
    </ClCompile>
    <ClCompile Include="Engine\Model.cpp">
      <Filter>Source\Engine\Object</Filter>
    </ClCompile>
    <ClCompile Include="Engine\Direct3D.cpp">
      <Filter>Source\Engine\System</Filter>
    </ClCompile>
    <ClCompile Include="Engine\RootJob.cpp">
      <Filter>Source\Engine\System</Filter>
    </ClCompile>
    <ClCompile Include="Engine\SceneManager.cpp">
      <Filter>Source\Engine\System</Filter>
    </ClCompile>
    <ClCompile Include="Engine\SphereCollider.cpp">
      <Filter>Source\Engine\Object</Filter>
    </ClCompile>
    <ClCompile Include="Engine\Transform.cpp">
      <Filter>Source\Engine\Object</Filter>
    </ClCompile>
    <ClCompile Include="Stage.cpp">
      <Filter>Source\Scene\Test</Filter>
    </ClCompile>
    <ClCompile Include="TestScene.cpp">
      <Filter>Source\Scene\Test</Filter>
    </ClCompile>
  </ItemGroup>
  <ItemGroup>
    <ClInclude Include="Engine\Camera.h">
      <Filter>Source\Engine\System</Filter>
    </ClInclude>
    <ClInclude Include="Engine\Debug.h">
      <Filter>Source\Engine\System</Filter>
    </ClInclude>
    <ClInclude Include="Engine\Define.h">
      <Filter>Source\Engine\System</Filter>
    </ClInclude>
    <ClInclude Include="Engine\Fbx.h">
      <Filter>Source\Engine\Object</Filter>
    </ClInclude>
    <ClInclude Include="Engine\GameObject.h">
      <Filter>Source\Engine\System</Filter>
    </ClInclude>
    <ClInclude Include="Engine\Input.h">
      <Filter>Source\Engine\System</Filter>
    </ClInclude>
    <ClInclude Include="Engine\Texture.h">
      <Filter>Source\Engine\Object</Filter>
    </ClInclude>
    <ClInclude Include="Engine\Sprite.h">
      <Filter>Source\Engine\Object</Filter>
    </ClInclude>
    <ClInclude Include="Engine\Quad.h">
      <Filter>Source\Engine\Object</Filter>
    </ClInclude>
    <ClInclude Include="Engine\Model.h">
      <Filter>Source\Engine\Object</Filter>
    </ClInclude>
    <ClInclude Include="Engine\Direct3D.h">
      <Filter>Source\Engine\System</Filter>
    </ClInclude>
    <ClInclude Include="Engine\RootJob.h">
      <Filter>Source\Engine\System</Filter>
    </ClInclude>
    <ClInclude Include="Engine\SceneManager.h">
      <Filter>Source\Engine\System</Filter>
    </ClInclude>
    <ClInclude Include="Engine\SphereCollider.h">
      <Filter>Source\Engine\Object</Filter>
    </ClInclude>
    <ClInclude Include="Engine\Transform.h">
      <Filter>Source\Engine\Object</Filter>
    </ClInclude>
    <ClInclude Include="TestScene.h">
      <Filter>Source\Scene\Test</Filter>
    </ClInclude>
    <ClInclude Include="Stage.h">
      <Filter>Source\Scene\Test</Filter>
    </ClInclude>
  </ItemGroup>
  <ItemGroup>
    <FxCompile Include="Engine\Simple2D.hlsl">
      <Filter>Source\Engine\Shader</Filter>
    </FxCompile>
    <FxCompile Include="Engine\Simple3D.hlsl">
      <Filter>Source\Engine\Shader</Filter>
    </FxCompile>
    <FxCompile Include="Engine\PointShader.hlsl">
      <Filter>Source\Engine\Shader</Filter>
    </FxCompile>
  </ItemGroup>
  <ItemGroup>
    <None Include="packages.config">
      <Filter>Source\Engine\System</Filter>
    </None>
  </ItemGroup>
</Project>